
Microsoft Visual Studio Solution File, Format Version 12.00
# Visual Studio Version 17
VisualStudioVersion = 17.3.32901.215
MinimumVisualStudioVersion = 10.0.40219.1
Project("{8BC9CEB8-8B4A-11D0-8D11-00A0C91BC942}") = "myFileSystem", "myFileSystem\myFileSystem.vcxproj", "{F71FC3CA-3F13-461E-AEB0-88CB3797C6D9}"
EndProject
Global
	GlobalSection(SolutionConfigurationPlatforms) = preSolution
		Debug|x64 = Debug|x64
		Debug|x86 = Debug|x86
		Release|x64 = Release|x64
		Release|x86 = Release|x86
	EndGlobalSection
	GlobalSection(ProjectConfigurationPlatforms) = postSolution
		{F71FC3CA-3F13-461E-AEB0-88CB3797C6D9}.Debug|x64.ActiveCfg = Debug|x64
		{F71FC3CA-3F13-461E-AEB0-88CB3797C6D9}.Debug|x64.Build.0 = Debug|x64
		{F71FC3CA-3F13-461E-AEB0-88CB3797C6D9}.Debug|x86.ActiveCfg = Debug|Win32
		{F71FC3CA-3F13-461E-AEB0-88CB3797C6D9}.Debug|x86.Build.0 = Debug|Win32
		{F71FC3CA-3F13-461E-AEB0-88CB3797C6D9}.Release|x64.ActiveCfg = Release|x64
		{F71FC3CA-3F13-461E-AEB0-88CB3797C6D9}.Release|x64.Build.0 = Release|x64
		{F71FC3CA-3F13-461E-AEB0-88CB3797C6D9}.Release|x86.ActiveCfg = Release|Win32
		{F71FC3CA-3F13-461E-AEB0-88CB3797C6D9}.Release|x86.Build.0 = Release|Win32
	EndGlobalSection
	GlobalSection(SolutionProperties) = preSolution
		HideSolutionNode = FALSE
	EndGlobalSection
	GlobalSection(ExtensibilityGlobals) = postSolution
		SolutionGuid = {BDCB7D97-E9DE-43F0-9A97-77E869354563}
	EndGlobalSection
EndGlobal
